// !$*UTF8*$!
{
	archiveVersion = 1;
	classes = {
	};
	objectVersion = 55;
	objects = {

/* Begin PBXBuildFile section */
		F332880E2903A33D002FDC30 /* PhotoView.swift in Sources */ = {isa = PBXBuildFile; fileRef = F332880D2903A33D002FDC30 /* PhotoView.swift */; };
		F374DFF628FB7727003347F0 /* NPOTDApp.swift in Sources */ = {isa = PBXBuildFile; fileRef = F374DFF528FB7727003347F0 /* NPOTDApp.swift */; };
		F374DFF828FB7727003347F0 /* ContentView.swift in Sources */ = {isa = PBXBuildFile; fileRef = F374DFF728FB7727003347F0 /* ContentView.swift */; };
		F374DFFA28FB7728003347F0 /* Assets.xcassets in Resources */ = {isa = PBXBuildFile; fileRef = F374DFF928FB7728003347F0 /* Assets.xcassets */; };
		F374DFFD28FB7729003347F0 /* Preview Assets.xcassets in Resources */ = {isa = PBXBuildFile; fileRef = F374DFFC28FB7729003347F0 /* Preview Assets.xcassets */; };
		F374E00428FB7A90003347F0 /* PhotoInfo.swift in Sources */ = {isa = PBXBuildFile; fileRef = F374E00328FB7A90003347F0 /* PhotoInfo.swift */; };
		F374E00628FB7AC3003347F0 /* PhotoInfoController.swift in Sources */ = {isa = PBXBuildFile; fileRef = F374E00528FB7AC3003347F0 /* PhotoInfoController.swift */; };
		F374E00828FB7B4F003347F0 /* ViewController.swift in Sources */ = {isa = PBXBuildFile; fileRef = F374E00728FB7B4F003347F0 /* ViewController.swift */; };
/* End PBXBuildFile section */

/* Begin PBXFileReference section */
		F332880D2903A33D002FDC30 /* PhotoView.swift */ = {isa = PBXFileReference; lastKnownFileType = sourcecode.swift; path = PhotoView.swift; sourceTree = "<group>"; };
		F374DFF228FB7727003347F0 /* NPOTD.app */ = {isa = PBXFileReference; explicitFileType = wrapper.application; includeInIndex = 0; path = NPOTD.app; sourceTree = BUILT_PRODUCTS_DIR; };
		F374DFF528FB7727003347F0 /* NPOTDApp.swift */ = {isa = PBXFileReference; lastKnownFileType = sourcecode.swift; path = NPOTDApp.swift; sourceTree = "<group>"; };
		F374DFF728FB7727003347F0 /* ContentView.swift */ = {isa = PBXFileReference; lastKnownFileType = sourcecode.swift; path = ContentView.swift; sourceTree = "<group>"; };
		F374DFF928FB7728003347F0 /* Assets.xcassets */ = {isa = PBXFileReference; lastKnownFileType = folder.assetcatalog; path = Assets.xcassets; sourceTree = "<group>"; };
		F374DFFC28FB7729003347F0 /* Preview Assets.xcassets */ = {isa = PBXFileReference; lastKnownFileType = folder.assetcatalog; path = "Preview Assets.xcassets"; sourceTree = "<group>"; };
		F374E00328FB7A90003347F0 /* PhotoInfo.swift */ = {isa = PBXFileReference; lastKnownFileType = sourcecode.swift; path = PhotoInfo.swift; sourceTree = "<group>"; };
		F374E00528FB7AC3003347F0 /* PhotoInfoController.swift */ = {isa = PBXFileReference; lastKnownFileType = sourcecode.swift; path = PhotoInfoController.swift; sourceTree = "<group>"; };
		F374E00728FB7B4F003347F0 /* ViewController.swift */ = {isa = PBXFileReference; lastKnownFileType = sourcecode.swift; path = ViewController.swift; sourceTree = "<group>"; };
/* End PBXFileReference section */

/* Begin PBXFrameworksBuildPhase section */
		F374DFEF28FB7727003347F0 /* Frameworks */ = {
			isa = PBXFrameworksBuildPhase;
			buildActionMask = 2147483647;
			files = (
			);
			runOnlyForDeploymentPostprocessing = 0;
		};
/* End PBXFrameworksBuildPhase section */

/* Begin PBXGroup section */
		F374DFE928FB7727003347F0 = {
			isa = PBXGroup;
			children = (
				F374DFF428FB7727003347F0 /* NPOTD */,
				F374DFF328FB7727003347F0 /* Products */,
			);
			sourceTree = "<group>";
		};
		F374DFF328FB7727003347F0 /* Products */ = {
			isa = PBXGroup;
			children = (
				F374DFF228FB7727003347F0 /* NPOTD.app */,
			);
			name = Products;
			sourceTree = "<group>";
		};
		F374DFF428FB7727003347F0 /* NPOTD */ = {
			isa = PBXGroup;
			children = (
				F374DFF528FB7727003347F0 /* NPOTDApp.swift */,
				F374E00328FB7A90003347F0 /* PhotoInfo.swift */,
				F374E00528FB7AC3003347F0 /* PhotoInfoController.swift */,
				F374E00728FB7B4F003347F0 /* ViewController.swift */,
				F374DFF728FB7727003347F0 /* ContentView.swift */,
				F332880D2903A33D002FDC30 /* PhotoView.swift */,
				F374DFF928FB7728003347F0 /* Assets.xcassets */,
				F374DFFB28FB7729003347F0 /* Preview Content */,
			);
			path = NPOTD;
			sourceTree = "<group>";
		};
		F374DFFB28FB7729003347F0 /* Preview Content */ = {
			isa = PBXGroup;
			children = (
				F374DFFC28FB7729003347F0 /* Preview Assets.xcassets */,
			);
			path = "Preview Content";
			sourceTree = "<group>";
		};
/* End PBXGroup section */

/* Begin PBXNativeTarget section */
		F374DFF128FB7727003347F0 /* NPOTD */ = {
			isa = PBXNativeTarget;
			buildConfigurationList = F374E00028FB7729003347F0 /* Build configuration list for PBXNativeTarget "NPOTD" */;
			buildPhases = (
				F374DFEE28FB7727003347F0 /* Sources */,
				F374DFEF28FB7727003347F0 /* Frameworks */,
				F374DFF028FB7727003347F0 /* Resources */,
			);
			buildRules = (
			);
			dependencies = (
			);
			name = NPOTD;
			productName = NPOTD;
			productReference = F374DFF228FB7727003347F0 /* NPOTD.app */;
			productType = "com.apple.product-type.application";
		};
/* End PBXNativeTarget section */

/* Begin PBXProject section */
		F374DFEA28FB7727003347F0 /* Project object */ = {
			isa = PBXProject;
			attributes = {
				BuildIndependentTargetsInParallel = 1;
				LastSwiftUpdateCheck = 1340;
				LastUpgradeCheck = 1340;
				TargetAttributes = {
					F374DFF128FB7727003347F0 = {
						CreatedOnToolsVersion = 13.4.1;
					};
				};
			};
			buildConfigurationList = F374DFED28FB7727003347F0 /* Build configuration list for PBXProject "NPOTD" */;
			compatibilityVersion = "Xcode 13.0";
			developmentRegion = en;
			hasScannedForEncodings = 0;
			knownRegions = (
				en,
				Base,
			);
			mainGroup = F374DFE928FB7727003347F0;
			productRefGroup = F374DFF328FB7727003347F0 /* Products */;
			projectDirPath = "";
			projectRoot = "";
			targets = (
				F374DFF128FB7727003347F0 /* NPOTD */,
			);
		};
/* End PBXProject section */

/* Begin PBXResourcesBuildPhase section */
		F374DFF028FB7727003347F0 /* Resources */ = {
			isa = PBXResourcesBuildPhase;
			buildActionMask = 2147483647;
			files = (
				F374DFFD28FB7729003347F0 /* Preview Assets.xcassets in Resources */,
				F374DFFA28FB7728003347F0 /* Assets.xcassets in Resources */,
			);
			runOnlyForDeploymentPostprocessing = 0;
		};
/* End PBXResourcesBuildPhase section */

/* Begin PBXSourcesBuildPhase section */
		F374DFEE28FB7727003347F0 /* Sources */ = {
			isa = PBXSourcesBuildPhase;
			buildActionMask = 2147483647;
			files = (
				F374E00828FB7B4F003347F0 /* ViewController.swift in Sources */,
				F374E00428FB7A90003347F0 /* PhotoInfo.swift in Sources */,
				F374DFF828FB7727003347F0 /* ContentView.swift in Sources */,
				F332880E2903A33D002FDC30 /* PhotoView.swift in Sources */,
				F374E00628FB7AC3003347F0 /* PhotoInfoController.swift in Sources */,
				F374DFF628FB7727003347F0 /* NPOTDApp.swift in Sources */,
			);
			runOnlyForDeploymentPostprocessing = 0;
		};
/* End PBXSourcesBuildPhase section */

/* Begin XCBuildConfiguration section */
		F374DFFE28FB7729003347F0 /* Debug */ = {
			isa = XCBuildConfiguration;
			buildSettings = {
				ALWAYS_SEARCH_USER_PATHS = NO;
				CLANG_ANALYZER_NONNULL = YES;
				CLANG_ANALYZER_NUMBER_OBJECT_CONVERSION = YES_AGGRESSIVE;
				CLANG_CXX_LANGUAGE_STANDARD = "gnu++17";
				CLANG_ENABLE_MODULES = YES;
				CLANG_ENABLE_OBJC_ARC = YES;
				CLANG_ENABLE_OBJC_WEAK = YES;
				CLANG_WARN_BLOCK_CAPTURE_AUTORELEASING = YES;
				CLANG_WARN_BOOL_CONVERSION = YES;
				CLANG_WARN_COMMA = YES;
				CLANG_WARN_CONSTANT_CONVERSION = YES;
				CLANG_WARN_DEPRECATED_OBJC_IMPLEMENTATIONS = YES;
				CLANG_WARN_DIRECT_OBJC_ISA_USAGE = YES_ERROR;
				CLANG_WARN_DOCUMENTATION_COMMENTS = YES;
				CLANG_WARN_EMPTY_BODY = YES;
				CLANG_WARN_ENUM_CONVERSION = YES;
				CLANG_WARN_INFINITE_RECURSION = YES;
				CLANG_WARN_INT_CONVERSION = YES;
				CLANG_WARN_NON_LITERAL_NULL_CONVERSION = YES;
				CLANG_WARN_OBJC_IMPLICIT_RETAIN_SELF = YES;
				CLANG_WARN_OBJC_LITERAL_CONVERSION = YES;
				CLANG_WARN_OBJC_ROOT_CLASS = YES_ERROR;
				CLANG_WARN_QUOTED_INCLUDE_IN_FRAMEWORK_HEADER = YES;
				CLANG_WARN_RANGE_LOOP_ANALYSIS = YES;
				CLANG_WARN_STRICT_PROTOTYPES = YES;
				CLANG_WARN_SUSPICIOUS_MOVE = YES;
				CLANG_WARN_UNGUARDED_AVAILABILITY = YES_AGGRESSIVE;
				CLANG_WARN_UNREACHABLE_CODE = YES;
				CLANG_WARN__DUPLICATE_METHOD_MATCH = YES;
				COPY_PHASE_STRIP = NO;
				DEBUG_INFORMATION_FORMAT = dwarf;
				ENABLE_STRICT_OBJC_MSGSEND = YES;
				ENABLE_TESTABILITY = YES;
				GCC_C_LANGUAGE_STANDARD = gnu11;
				GCC_DYNAMIC_NO_PIC = NO;
				GCC_NO_COMMON_BLOCKS = YES;
				GCC_OPTIMIZATION_LEVEL = 0;
				GCC_PREPROCESSOR_DEFINITIONS = (
					"DEBUG=1",
					"$(inherited)",
				);
				GCC_WARN_64_TO_32_BIT_CONVERSION = YES;
				GCC_WARN_ABOUT_RETURN_TYPE = YES_ERROR;
				GCC_WARN_UNDECLARED_SELECTOR = YES;
				GCC_WARN_UNINITIALIZED_AUTOS = YES_AGGRESSIVE;
				GCC_WARN_UNUSED_FUNCTION = YES;
				GCC_WARN_UNUSED_VARIABLE = YES;
				IPHONEOS_DEPLOYMENT_TARGET = 15.5;
				MTL_ENABLE_DEBUG_INFO = INCLUDE_SOURCE;
				MTL_FAST_MATH = YES;
				ONLY_ACTIVE_ARCH = YES;
				SDKROOT = iphoneos;
				SWIFT_ACTIVE_COMPILATION_CONDITIONS = DEBUG;
				SWIFT_OPTIMIZATION_LEVEL = "-Onone";
			};
			name = Debug;
		};
		F374DFFF28FB7729003347F0 /* Release */ = {
			isa = XCBuildConfiguration;
			buildSettings = {
				ALWAYS_SEARCH_USER_PATHS = NO;
				CLANG_ANALYZER_NONNULL = YES;
				CLANG_ANALYZER_NUMBER_OBJECT_CONVERSION = YES_AGGRESSIVE;
				CLANG_CXX_LANGUAGE_STANDARD = "gnu++17";
				CLANG_ENABLE_MODULES = YES;
				CLANG_ENABLE_OBJC_ARC = YES;
				CLANG_ENABLE_OBJC_WEAK = YES;
				CLANG_WARN_BLOCK_CAPTURE_AUTORELEASING = YES;
				CLANG_WARN_BOOL_CONVERSION = YES;
				CLANG_WARN_COMMA = YES;
				CLANG_WARN_CONSTANT_CONVERSION = YES;
				CLANG_WARN_DEPRECATED_OBJC_IMPLEMENTATIONS = YES;
				CLANG_WARN_DIRECT_OBJC_ISA_USAGE = YES_ERROR;
				CLANG_WARN_DOCUMENTATION_COMMENTS = YES;
				CLANG_WARN_EMPTY_BODY = YES;
				CLANG_WARN_ENUM_CONVERSION = YES;
				CLANG_WARN_INFINITE_RECURSION = YES;
				CLANG_WARN_INT_CONVERSION = YES;
				CLANG_WARN_NON_LITERAL_NULL_CONVERSION = YES;
				CLANG_WARN_OBJC_IMPLICIT_RETAIN_SELF = YES;
				CLANG_WARN_OBJC_LITERAL_CONVERSION = YES;
				CLANG_WARN_OBJC_ROOT_CLASS = YES_ERROR;
				CLANG_WARN_QUOTED_INCLUDE_IN_FRAMEWORK_HEADER = YES;
				CLANG_WARN_RANGE_LOOP_ANALYSIS = YES;
				CLANG_WARN_STRICT_PROTOTYPES = YES;
				CLANG_WARN_SUSPICIOUS_MOVE = YES;
				CLANG_WARN_UNGUARDED_AVAILABILITY = YES_AGGRESSIVE;
				CLANG_WARN_UNREACHABLE_CODE = YES;
				CLANG_WARN__DUPLICATE_METHOD_MATCH = YES;
				COPY_PHASE_STRIP = NO;
				DEBUG_INFORMATION_FORMAT = "dwarf-with-dsym";
				ENABLE_NS_ASSERTIONS = NO;
				ENABLE_STRICT_OBJC_MSGSEND = YES;
				GCC_C_LANGUAGE_STANDARD = gnu11;
				GCC_NO_COMMON_BLOCKS = YES;
				GCC_WARN_64_TO_32_BIT_CONVERSION = YES;
				GCC_WARN_ABOUT_RETURN_TYPE = YES_ERROR;
				GCC_WARN_UNDECLARED_SELECTOR = YES;
				GCC_WARN_UNINITIALIZED_AUTOS = YES_AGGRESSIVE;
				GCC_WARN_UNUSED_FUNCTION = YES;
				GCC_WARN_UNUSED_VARIABLE = YES;
				IPHONEOS_DEPLOYMENT_TARGET = 15.5;
				MTL_ENABLE_DEBUG_INFO = NO;
				MTL_FAST_MATH = YES;
				SDKROOT = iphoneos;
				SWIFT_COMPILATION_MODE = wholemodule;
				SWIFT_OPTIMIZATION_LEVEL = "-O";
				VALIDATE_PRODUCT = YES;
			};
			name = Release;
		};
		F374E00128FB7729003347F0 /* Debug */ = {
			isa = XCBuildConfiguration;
			buildSettings = {
				ASSETCATALOG_COMPILER_APPICON_NAME = AppIcon;
				ASSETCATALOG_COMPILER_GLOBAL_ACCENT_COLOR_NAME = AccentColor;
				CODE_SIGN_STYLE = Automatic;
				CURRENT_PROJECT_VERSION = 1;
				DEVELOPMENT_ASSET_PATHS = "\"NPOTD/Preview Content\"";
				ENABLE_PREVIEWS = YES;
				GENERATE_INFOPLIST_FILE = YES;
				INFOPLIST_KEY_UIApplicationSceneManifest_Generation = YES;
				INFOPLIST_KEY_UIApplicationSupportsIndirectInputEvents = YES;
				INFOPLIST_KEY_UILaunchScreen_Generation = YES;
				INFOPLIST_KEY_UISupportedInterfaceOrientations_iPad = "UIInterfaceOrientationPortrait UIInterfaceOrientationPortraitUpsideDown UIInterfaceOrientationLandscapeLeft UIInterfaceOrientationLandscapeRight";
				INFOPLIST_KEY_UISupportedInterfaceOrientations_iPhone = "UIInterfaceOrientationPortrait UIInterfaceOrientationLandscapeLeft UIInterfaceOrientationLandscapeRight";
				LD_RUNPATH_SEARCH_PATHS = (
					"$(inherited)",
					"@executable_path/Frameworks",
				);
				MARKETING_VERSION = 1.0;
				PRODUCT_BUNDLE_IDENTIFIER = com.example.NPOTD;
				PRODUCT_NAME = "$(TARGET_NAME)";
				SWIFT_EMIT_LOC_STRINGS = YES;
				SWIFT_VERSION = 5.0;
				TARGETED_DEVICE_FAMILY = "1,2";
			};
			name = Debug;
		};
		F374E00228FB7729003347F0 /* Release */ = {
			isa = XCBuildConfiguration;
			buildSettings = {
				ASSETCATALOG_COMPILER_APPICON_NAME = AppIcon;
				ASSETCATALOG_COMPILER_GLOBAL_ACCENT_COLOR_NAME = AccentColor;
				CODE_SIGN_STYLE = Automatic;
				CURRENT_PROJECT_VERSION = 1;
				DEVELOPMENT_ASSET_PATHS = "\"NPOTD/Preview Content\"";
				ENABLE_PREVIEWS = YES;
				GENERATE_INFOPLIST_FILE = YES;
				INFOPLIST_KEY_UIApplicationSceneManifest_Generation = YES;
				INFOPLIST_KEY_UIApplicationSupportsIndirectInputEvents = YES;
				INFOPLIST_KEY_UILaunchScreen_Generation = YES;
				INFOPLIST_KEY_UISupportedInterfaceOrientations_iPad = "UIInterfaceOrientationPortrait UIInterfaceOrientationPortraitUpsideDown UIInterfaceOrientationLandscapeLeft UIInterfaceOrientationLandscapeRight";
				INFOPLIST_KEY_UISupportedInterfaceOrientations_iPhone = "UIInterfaceOrientationPortrait UIInterfaceOrientationLandscapeLeft UIInterfaceOrientationLandscapeRight";
				LD_RUNPATH_SEARCH_PATHS = (
					"$(inherited)",
					"@executable_path/Frameworks",
				);
				MARKETING_VERSION = 1.0;
				PRODUCT_BUNDLE_IDENTIFIER = com.example.NPOTD;
				PRODUCT_NAME = "$(TARGET_NAME)";
				SWIFT_EMIT_LOC_STRINGS = YES;
				SWIFT_VERSION = 5.0;
				TARGETED_DEVICE_FAMILY = "1,2";
			};
			name = Release;
		};
/* End XCBuildConfiguration section */

/* Begin XCConfigurationList section */
		F374DFED28FB7727003347F0 /* Build configuration list for PBXProject "NPOTD" */ = {
			isa = XCConfigurationList;
			buildConfigurations = (
				F374DFFE28FB7729003347F0 /* Debug */,
				F374DFFF28FB7729003347F0 /* Release */,
			);
			defaultConfigurationIsVisible = 0;
			defaultConfigurationName = Release;
		};
		F374E00028FB7729003347F0 /* Build configuration list for PBXNativeTarget "NPOTD" */ = {
			isa = XCConfigurationList;
			buildConfigurations = (
				F374E00128FB7729003347F0 /* Debug */,
				F374E00228FB7729003347F0 /* Release */,
			);
			defaultConfigurationIsVisible = 0;
			defaultConfigurationName = Release;
		};
/* End XCConfigurationList section */
	};
	rootObject = F374DFEA28FB7727003347F0 /* Project object */;
}
